
Microsoft Visual Studio Solution File, Format Version 12.00
# Visual Studio 14
VisualStudioVersion = 14.0.25420.1
MinimumVisualStudioVersion = 10.0.40219.1
Project("{FAE04EC0-301F-11D3-BF4B-00C04F79EFBC}") = "WebServiceFull", "WebServiceFull\WebServiceFull.csproj", "{C3D10ABE-6C48-4883-AFB6-D9AEBE830681}"
EndProject
Project("{FAE04EC0-301F-11D3-BF4B-00C04F79EFBC}") = "Client", "Client\Client.csproj", "{9ED171CA-4223-4CFB-A3B1-3275C597A24A}"
EndProject
Project("{FAE04EC0-301F-11D3-BF4B-00C04F79EFBC}") = "Client2", "Client2\Client2.csproj", "{A47B9114-A8DA-4DEB-9BCC-56F0DD5A1DD7}"
EndProject
Global
	GlobalSection(SolutionConfigurationPlatforms) = preSolution
		Debug|Any CPU = Debug|Any CPU
		Release|Any CPU = Release|Any CPU
	EndGlobalSection
	GlobalSection(ProjectConfigurationPlatforms) = postSolution
		{C3D10ABE-6C48-4883-AFB6-D9AEBE830681}.Debug|Any CPU.ActiveCfg = Debug|Any CPU
		{C3D10ABE-6C48-4883-AFB6-D9AEBE830681}.Debug|Any CPU.Build.0 = Debug|Any CPU
		{C3D10ABE-6C48-4883-AFB6-D9AEBE830681}.Release|Any CPU.ActiveCfg = Release|Any CPU
		{C3D10ABE-6C48-4883-AFB6-D9AEBE830681}.Release|Any CPU.Build.0 = Release|Any CPU
		{9ED171CA-4223-4CFB-A3B1-3275C597A24A}.Debug|Any CPU.ActiveCfg = Debug|Any CPU
		{9ED171CA-4223-4CFB-A3B1-3275C597A24A}.Debug|Any CPU.Build.0 = Debug|Any CPU
		{9ED171CA-4223-4CFB-A3B1-3275C597A24A}.Release|Any CPU.ActiveCfg = Release|Any CPU
		{9ED171CA-4223-4CFB-A3B1-3275C597A24A}.Release|Any CPU.Build.0 = Release|Any CPU
		{A47B9114-A8DA-4DEB-9BCC-56F0DD5A1DD7}.Debug|Any CPU.ActiveCfg = Debug|Any CPU
		{A47B9114-A8DA-4DEB-9BCC-56F0DD5A1DD7}.Debug|Any CPU.Build.0 = Debug|Any CPU
		{A47B9114-A8DA-4DEB-9BCC-56F0DD5A1DD7}.Release|Any CPU.ActiveCfg = Release|Any CPU
		{A47B9114-A8DA-4DEB-9BCC-56F0DD5A1DD7}.Release|Any CPU.Build.0 = Release|Any CPU
	EndGlobalSection
	GlobalSection(SolutionProperties) = preSolution
		HideSolutionNode = FALSE
	EndGlobalSection
EndGlobal
